// !$*UTF8*$!
{
	archiveVersion = 1;
	classes = {
	};
	objectVersion = 46;
	objects = {

/* Begin PBXBuildFile section */
		58AAE64D1F59047100D4161F /* main.m in Sources */ = {isa = PBXBuildFile; fileRef = 58AAE64C1F59047100D4161F /* main.m */; };
		58AAE6501F59047200D4161F /* AppDelegate.m in Sources */ = {isa = PBXBuildFile; fileRef = 58AAE64F1F59047200D4161F /* AppDelegate.m */; };
		58AAE6581F59047200D4161F /* Assets.xcassets in Resources */ = {isa = PBXBuildFile; fileRef = 58AAE6571F59047200D4161F /* Assets.xcassets */; };
		58AAE65B1F59047200D4161F /* LaunchScreen.storyboard in Resources */ = {isa = PBXBuildFile; fileRef = 58AAE6591F59047200D4161F /* LaunchScreen.storyboard */; };
		58AAE6661F59047200D4161F /* MomentsGeneratorTests.m in Sources */ = {isa = PBXBuildFile; fileRef = 58AAE6651F59047200D4161F /* MomentsGeneratorTests.m */; };
		58AAE6711F59047200D4161F /* MomentsGeneratorUITests.m in Sources */ = {isa = PBXBuildFile; fileRef = 58AAE6701F59047200D4161F /* MomentsGeneratorUITests.m */; };
		58AAE6801F59056B00D4161F /* ZZMainViewController.m in Sources */ = {isa = PBXBuildFile; fileRef = 58AAE67F1F59056B00D4161F /* ZZMainViewController.m */; };
		58AAE6881F5948C400D4161F /* back_icon@2x.png in Resources */ = {isa = PBXBuildFile; fileRef = 58AAE6831F5948C300D4161F /* back_icon@2x.png */; };
		58AAE6891F5948C400D4161F /* back_icon@3x.png in Resources */ = {isa = PBXBuildFile; fileRef = 58AAE6841F5948C300D4161F /* back_icon@3x.png */; };
		58AAE68A1F5948C400D4161F /* shareMoment@2x.png in Resources */ = {isa = PBXBuildFile; fileRef = 58AAE6851F5948C300D4161F /* shareMoment@2x.png */; };
		58AAE68B1F5948C400D4161F /* shareMoment@3x.png in Resources */ = {isa = PBXBuildFile; fileRef = 58AAE6861F5948C300D4161F /* shareMoment@3x.png */; };
		58AAE6F61F59490000D4161F /* Expression_1@2x.png in Resources */ = {isa = PBXBuildFile; fileRef = 58AAE68D1F59490000D4161F /* Expression_1@2x.png */; };
		58AAE6F71F59490000D4161F /* Expression_2@2x.png in Resources */ = {isa = PBXBuildFile; fileRef = 58AAE68E1F59490000D4161F /* Expression_2@2x.png */; };
		58AAE6F81F59490000D4161F /* Expression_3@2x.png in Resources */ = {isa = PBXBuildFile; fileRef = 58AAE68F1F59490000D4161F /* Expression_3@2x.png */; };
		58AAE6F91F59490000D4161F /* Expression_4@2x.png in Resources */ = {isa = PBXBuildFile; fileRef = 58AAE6901F59490000D4161F /* Expression_4@2x.png */; };
		58AAE6FA1F59490000D4161F /* Expression_5@2x.png in Resources */ = {isa = PBXBuildFile; fileRef = 58AAE6911F59490000D4161F /* Expression_5@2x.png */; };
		58AAE6FB1F59490000D4161F /* Expression_6@2x.png in Resources */ = {isa = PBXBuildFile; fileRef = 58AAE6921F59490000D4161F /* Expression_6@2x.png */; };
		58AAE6FC1F59490000D4161F /* Expression_7@2x.png in Resources */ = {isa = PBXBuildFile; fileRef = 58AAE6931F59490000D4161F /* Expression_7@2x.png */; };
		58AAE6FD1F59490000D4161F /* Expression_8@2x.png in Resources */ = {isa = PBXBuildFile; fileRef = 58AAE6941F59490000D4161F /* Expression_8@2x.png */; };
		58AAE6FE1F59490000D4161F /* Expression_9@2x.png in Resources */ = {isa = PBXBuildFile; fileRef = 58AAE6951F59490000D4161F /* Expression_9@2x.png */; };
		58AAE6FF1F59490000D4161F /* Expression_10@2x.png in Resources */ = {isa = PBXBuildFile; fileRef = 58AAE6961F59490000D4161F /* Expression_10@2x.png */; };
		58AAE7001F59490000D4161F /* Expression_11@2x.png in Resources */ = {isa = PBXBuildFile; fileRef = 58AAE6971F59490000D4161F /* Expression_11@2x.png */; };
		58AAE7011F59490000D4161F /* Expression_12@2x.png in Resources */ = {isa = PBXBuildFile; fileRef = 58AAE6981F59490000D4161F /* Expression_12@2x.png */; };
		58AAE7021F59490000D4161F /* Expression_13@2x.png in Resources */ = {isa = PBXBuildFile; fileRef = 58AAE6991F59490000D4161F /* Expression_13@2x.png */; };
		58AAE7031F59490000D4161F /* Expression_14@2x.png in Resources */ = {isa = PBXBuildFile; fileRef = 58AAE69A1F59490000D4161F /* Expression_14@2x.png */; };
		58AAE7041F59490000D4161F /* Expression_15@2x.png in Resources */ = {isa = PBXBuildFile; fileRef = 58AAE69B1F59490000D4161F /* Expression_15@2x.png */; };
		58AAE7051F59490000D4161F /* Expression_16@2x.png in Resources */ = {isa = PBXBuildFile; fileRef = 58AAE69C1F59490000D4161F /* Expression_16@2x.png */; };
		58AAE7061F59490000D4161F /* Expression_17@2x.png in Resources */ = {isa = PBXBuildFile; fileRef = 58AAE69D1F59490000D4161F /* Expression_17@2x.png */; };
		58AAE7071F59490000D4161F /* Expression_18@2x.png in Resources */ = {isa = PBXBuildFile; fileRef = 58AAE69E1F59490000D4161F /* Expression_18@2x.png */; };
		58AAE7081F59490000D4161F /* Expression_19@2x.png in Resources */ = {isa = PBXBuildFile; fileRef = 58AAE69F1F59490000D4161F /* Expression_19@2x.png */; };
		58AAE7091F59490000D4161F /* Expression_20@2x.png in Resources */ = {isa = PBXBuildFile; fileRef = 58AAE6A01F59490000D4161F /* Expression_20@2x.png */; };
		58AAE70A1F59490000D4161F /* Expression_21@2x.png in Resources */ = {isa = PBXBuildFile; fileRef = 58AAE6A11F59490000D4161F /* Expression_21@2x.png */; };
		58AAE70B1F59490000D4161F /* Expression_22@2x.png in Resources */ = {isa = PBXBuildFile; fileRef = 58AAE6A21F59490000D4161F /* Expression_22@2x.png */; };
		58AAE70C1F59490000D4161F /* Expression_23@2x.png in Resources */ = {isa = PBXBuildFile; fileRef = 58AAE6A31F59490000D4161F /* Expression_23@2x.png */; };
		58AAE70D1F59490000D4161F /* Expression_24@2x.png in Resources */ = {isa = PBXBuildFile; fileRef = 58AAE6A41F59490000D4161F /* Expression_24@2x.png */; };
		58AAE70E1F59490000D4161F /* Expression_25@2x.png in Resources */ = {isa = PBXBuildFile; fileRef = 58AAE6A51F59490000D4161F /* Expression_25@2x.png */; };
		58AAE70F1F59490000D4161F /* Expression_26@2x.png in Resources */ = {isa = PBXBuildFile; fileRef = 58AAE6A61F59490000D4161F /* Expression_26@2x.png */; };
		58AAE7101F59490000D4161F /* Expression_27@2x.png in Resources */ = {isa = PBXBuildFile; fileRef = 58AAE6A71F59490000D4161F /* Expression_27@2x.png */; };
		58AAE7111F59490000D4161F /* Expression_28@2x.png in Resources */ = {isa = PBXBuildFile; fileRef = 58AAE6A81F59490000D4161F /* Expression_28@2x.png */; };
		58AAE7121F59490000D4161F /* Expression_29@2x.png in Resources */ = {isa = PBXBuildFile; fileRef = 58AAE6A91F59490000D4161F /* Expression_29@2x.png */; };
		58AAE7131F59490000D4161F /* Expression_30@2x.png in Resources */ = {isa = PBXBuildFile; fileRef = 58AAE6AA1F59490000D4161F /* Expression_30@2x.png */; };
		58AAE7141F59490000D4161F /* Expression_31@2x.png in Resources */ = {isa = PBXBuildFile; fileRef = 58AAE6AB1F59490000D4161F /* Expression_31@2x.png */; };
		58AAE7151F59490000D4161F /* Expression_32@2x.png in Resources */ = {isa = PBXBuildFile; fileRef = 58AAE6AC1F59490000D4161F /* Expression_32@2x.png */; };
		58AAE7161F59490000D4161F /* Expression_33@2x.png in Resources */ = {isa = PBXBuildFile; fileRef = 58AAE6AD1F59490000D4161F /* Expression_33@2x.png */; };
		58AAE7171F59490000D4161F /* Expression_34@2x.png in Resources */ = {isa = PBXBuildFile; fileRef = 58AAE6AE1F59490000D4161F /* Expression_34@2x.png */; };
		58AAE7181F59490000D4161F /* Expression_35@2x.png in Resources */ = {isa = PBXBuildFile; fileRef = 58AAE6AF1F59490000D4161F /* Expression_35@2x.png */; };
		58AAE7191F59490000D4161F /* Expression_36@2x.png in Resources */ = {isa = PBXBuildFile; fileRef = 58AAE6B01F59490000D4161F /* Expression_36@2x.png */; };
		58AAE71A1F59490000D4161F /* Expression_37@2x.png in Resources */ = {isa = PBXBuildFile; fileRef = 58AAE6B11F59490000D4161F /* Expression_37@2x.png */; };
		58AAE71B1F59490000D4161F /* Expression_38@2x.png in Resources */ = {isa = PBXBuildFile; fileRef = 58AAE6B21F59490000D4161F /* Expression_38@2x.png */; };
		58AAE71C1F59490000D4161F /* Expression_39@2x.png in Resources */ = {isa = PBXBuildFile; fileRef = 58AAE6B31F59490000D4161F /* Expression_39@2x.png */; };
		58AAE71D1F59490000D4161F /* Expression_40@2x.png in Resources */ = {isa = PBXBuildFile; fileRef = 58AAE6B41F59490000D4161F /* Expression_40@2x.png */; };
		58AAE71E1F59490000D4161F /* Expression_41@2x.png in Resources */ = {isa = PBXBuildFile; fileRef = 58AAE6B51F59490000D4161F /* Expression_41@2x.png */; };
		58AAE71F1F59490000D4161F /* Expression_42@2x.png in Resources */ = {isa = PBXBuildFile; fileRef = 58AAE6B61F59490000D4161F /* Expression_42@2x.png */; };
		58AAE7201F59490000D4161F /* Expression_43@2x.png in Resources */ = {isa = PBXBuildFile; fileRef = 58AAE6B71F59490000D4161F /* Expression_43@2x.png */; };
		58AAE7211F59490000D4161F /* Expression_44@2x.png in Resources */ = {isa = PBXBuildFile; fileRef = 58AAE6B81F59490000D4161F /* Expression_44@2x.png */; };
		58AAE7221F59490000D4161F /* Expression_45@2x.png in Resources */ = {isa = PBXBuildFile; fileRef = 58AAE6B91F59490000D4161F /* Expression_45@2x.png */; };
		58AAE7231F59490000D4161F /* Expression_46@2x.png in Resources */ = {isa = PBXBuildFile; fileRef = 58AAE6BA1F59490000D4161F /* Expression_46@2x.png */; };
		58AAE7241F59490000D4161F /* Expression_47@2x.png in Resources */ = {isa = PBXBuildFile; fileRef = 58AAE6BB1F59490000D4161F /* Expression_47@2x.png */; };
		58AAE7251F59490000D4161F /* Expression_48@2x.png in Resources */ = {isa = PBXBuildFile; fileRef = 58AAE6BC1F59490000D4161F /* Expression_48@2x.png */; };
		58AAE7261F59490000D4161F /* Expression_49@2x.png in Resources */ = {isa = PBXBuildFile; fileRef = 58AAE6BD1F59490000D4161F /* Expression_49@2x.png */; };
		58AAE7271F59490000D4161F /* Expression_50@2x.png in Resources */ = {isa = PBXBuildFile; fileRef = 58AAE6BE1F59490000D4161F /* Expression_50@2x.png */; };
		58AAE7281F59490000D4161F /* Expression_51@2x.png in Resources */ = {isa = PBXBuildFile; fileRef = 58AAE6BF1F59490000D4161F /* Expression_51@2x.png */; };
		58AAE7291F59490000D4161F /* Expression_52@2x.png in Resources */ = {isa = PBXBuildFile; fileRef = 58AAE6C01F59490000D4161F /* Expression_52@2x.png */; };
		58AAE72A1F59490000D4161F /* Expression_53@2x.png in Resources */ = {isa = PBXBuildFile; fileRef = 58AAE6C11F59490000D4161F /* Expression_53@2x.png */; };
		58AAE72B1F59490000D4161F /* Expression_54@2x.png in Resources */ = {isa = PBXBuildFile; fileRef = 58AAE6C21F59490000D4161F /* Expression_54@2x.png */; };
		58AAE72C1F59490000D4161F /* Expression_55@2x.png in Resources */ = {isa = PBXBuildFile; fileRef = 58AAE6C31F59490000D4161F /* Expression_55@2x.png */; };
		58AAE72D1F59490000D4161F /* Expression_56@2x.png in Resources */ = {isa = PBXBuildFile; fileRef = 58AAE6C41F59490000D4161F /* Expression_56@2x.png */; };
		58AAE72E1F59490000D4161F /* Expression_57@2x.png in Resources */ = {isa = PBXBuildFile; fileRef = 58AAE6C51F59490000D4161F /* Expression_57@2x.png */; };
		58AAE72F1F59490000D4161F /* Expression_58@2x.png in Resources */ = {isa = PBXBuildFile; fileRef = 58AAE6C61F59490000D4161F /* Expression_58@2x.png */; };
		58AAE7301F59490000D4161F /* Expression_59@2x.png in Resources */ = {isa = PBXBuildFile; fileRef = 58AAE6C71F59490000D4161F /* Expression_59@2x.png */; };
		58AAE7311F59490000D4161F /* Expression_60@2x.png in Resources */ = {isa = PBXBuildFile; fileRef = 58AAE6C81F59490000D4161F /* Expression_60@2x.png */; };
		58AAE7321F59490000D4161F /* Expression_61@2x.png in Resources */ = {isa = PBXBuildFile; fileRef = 58AAE6C91F59490000D4161F /* Expression_61@2x.png */; };
		58AAE7331F59490000D4161F /* Expression_62@2x.png in Resources */ = {isa = PBXBuildFile; fileRef = 58AAE6CA1F59490000D4161F /* Expression_62@2x.png */; };
		58AAE7341F59490000D4161F /* Expression_63@2x.png in Resources */ = {isa = PBXBuildFile; fileRef = 58AAE6CB1F59490000D4161F /* Expression_63@2x.png */; };
		58AAE7351F59490000D4161F /* Expression_64@2x.png in Resources */ = {isa = PBXBuildFile; fileRef = 58AAE6CC1F59490000D4161F /* Expression_64@2x.png */; };
		58AAE7361F59490000D4161F /* Expression_65@2x.png in Resources */ = {isa = PBXBuildFile; fileRef = 58AAE6CD1F59490000D4161F /* Expression_65@2x.png */; };
		58AAE7371F59490000D4161F /* Expression_66@2x.png in Resources */ = {isa = PBXBuildFile; fileRef = 58AAE6CE1F59490000D4161F /* Expression_66@2x.png */; };
		58AAE7381F59490000D4161F /* Expression_67@2x.png in Resources */ = {isa = PBXBuildFile; fileRef = 58AAE6CF1F59490000D4161F /* Expression_67@2x.png */; };
		58AAE7391F59490000D4161F /* Expression_68@2x.png in Resources */ = {isa = PBXBuildFile; fileRef = 58AAE6D01F59490000D4161F /* Expression_68@2x.png */; };
		58AAE73A1F59490000D4161F /* Expression_69@2x.png in Resources */ = {isa = PBXBuildFile; fileRef = 58AAE6D11F59490000D4161F /* Expression_69@2x.png */; };
		58AAE73B1F59490000D4161F /* Expression_70@2x.png in Resources */ = {isa = PBXBuildFile; fileRef = 58AAE6D21F59490000D4161F /* Expression_70@2x.png */; };
		58AAE73C1F59490000D4161F /* Expression_71@2x.png in Resources */ = {isa = PBXBuildFile; fileRef = 58AAE6D31F59490000D4161F /* Expression_71@2x.png */; };
		58AAE73D1F59490000D4161F /* Expression_72@2x.png in Resources */ = {isa = PBXBuildFile; fileRef = 58AAE6D41F59490000D4161F /* Expression_72@2x.png */; };
		58AAE73E1F59490000D4161F /* Expression_73@2x.png in Resources */ = {isa = PBXBuildFile; fileRef = 58AAE6D51F59490000D4161F /* Expression_73@2x.png */; };
		58AAE73F1F59490000D4161F /* Expression_74@2x.png in Resources */ = {isa = PBXBuildFile; fileRef = 58AAE6D61F59490000D4161F /* Expression_74@2x.png */; };
		58AAE7401F59490000D4161F /* Expression_75@2x.png in Resources */ = {isa = PBXBuildFile; fileRef = 58AAE6D71F59490000D4161F /* Expression_75@2x.png */; };
		58AAE7411F59490000D4161F /* Expression_76@2x.png in Resources */ = {isa = PBXBuildFile; fileRef = 58AAE6D81F59490000D4161F /* Expression_76@2x.png */; };
		58AAE7421F59490000D4161F /* Expression_77@2x.png in Resources */ = {isa = PBXBuildFile; fileRef = 58AAE6D91F59490000D4161F /* Expression_77@2x.png */; };
		58AAE7431F59490000D4161F /* Expression_78@2x.png in Resources */ = {isa = PBXBuildFile; fileRef = 58AAE6DA1F59490000D4161F /* Expression_78@2x.png */; };
		58AAE7441F59490000D4161F /* Expression_79@2x.png in Resources */ = {isa = PBXBuildFile; fileRef = 58AAE6DB1F59490000D4161F /* Expression_79@2x.png */; };
		58AAE7451F59490000D4161F /* Expression_80@2x.png in Resources */ = {isa = PBXBuildFile; fileRef = 58AAE6DC1F59490000D4161F /* Expression_80@2x.png */; };
		58AAE7461F59490000D4161F /* Expression_81@2x.png in Resources */ = {isa = PBXBuildFile; fileRef = 58AAE6DD1F59490000D4161F /* Expression_81@2x.png */; };
		58AAE7471F59490000D4161F /* Expression_82@2x.png in Resources */ = {isa = PBXBuildFile; fileRef = 58AAE6DE1F59490000D4161F /* Expression_82@2x.png */; };
		58AAE7481F59490000D4161F /* Expression_83@2x.png in Resources */ = {isa = PBXBuildFile; fileRef = 58AAE6DF1F59490000D4161F /* Expression_83@2x.png */; };
		58AAE7491F59490000D4161F /* Expression_84@2x.png in Resources */ = {isa = PBXBuildFile; fileRef = 58AAE6E01F59490000D4161F /* Expression_84@2x.png */; };
		58AAE74A1F59490000D4161F /* Expression_85@2x.png in Resources */ = {isa = PBXBuildFile; fileRef = 58AAE6E11F59490000D4161F /* Expression_85@2x.png */; };
		58AAE74B1F59490000D4161F /* Expression_86@2x.png in Resources */ = {isa = PBXBuildFile; fileRef = 58AAE6E21F59490000D4161F /* Expression_86@2x.png */; };
		58AAE74C1F59490000D4161F /* Expression_87@2x.png in Resources */ = {isa = PBXBuildFile; fileRef = 58AAE6E31F59490000D4161F /* Expression_87@2x.png */; };
		58AAE74D1F59490000D4161F /* Expression_88@2x.png in Resources */ = {isa = PBXBuildFile; fileRef = 58AAE6E41F59490000D4161F /* Expression_88@2x.png */; };
		58AAE74E1F59490000D4161F /* Expression_89@2x.png in Resources */ = {isa = PBXBuildFile; fileRef = 58AAE6E51F59490000D4161F /* Expression_89@2x.png */; };
		58AAE74F1F59490000D4161F /* Expression_90@2x.png in Resources */ = {isa = PBXBuildFile; fileRef = 58AAE6E61F59490000D4161F /* Expression_90@2x.png */; };
		58AAE7501F59490000D4161F /* Expression_91@2x.png in Resources */ = {isa = PBXBuildFile; fileRef = 58AAE6E71F59490000D4161F /* Expression_91@2x.png */; };
		58AAE7511F59490000D4161F /* Expression_92@2x.png in Resources */ = {isa = PBXBuildFile; fileRef = 58AAE6E81F59490000D4161F /* Expression_92@2x.png */; };
		58AAE7521F59490000D4161F /* Expression_93@2x.png in Resources */ = {isa = PBXBuildFile; fileRef = 58AAE6E91F59490000D4161F /* Expression_93@2x.png */; };
		58AAE7531F59490000D4161F /* Expression_94@2x.png in Resources */ = {isa = PBXBuildFile; fileRef = 58AAE6EA1F59490000D4161F /* Expression_94@2x.png */; };
		58AAE7541F59490000D4161F /* Expression_95@2x.png in Resources */ = {isa = PBXBuildFile; fileRef = 58AAE6EB1F59490000D4161F /* Expression_95@2x.png */; };
		58AAE7551F59490000D4161F /* Expression_96@2x.png in Resources */ = {isa = PBXBuildFile; fileRef = 58AAE6EC1F59490000D4161F /* Expression_96@2x.png */; };
		58AAE7561F59490000D4161F /* Expression_97@2x.png in Resources */ = {isa = PBXBuildFile; fileRef = 58AAE6ED1F59490000D4161F /* Expression_97@2x.png */; };
		58AAE7571F59490000D4161F /* Expression_98@2x.png in Resources */ = {isa = PBXBuildFile; fileRef = 58AAE6EE1F59490000D4161F /* Expression_98@2x.png */; };
		58AAE7581F59490000D4161F /* Expression_99@2x.png in Resources */ = {isa = PBXBuildFile; fileRef = 58AAE6EF1F59490000D4161F /* Expression_99@2x.png */; };
		58AAE7591F59490000D4161F /* Expression_100@2x.png in Resources */ = {isa = PBXBuildFile; fileRef = 58AAE6F01F59490000D4161F /* Expression_100@2x.png */; };
		58AAE75A1F59490000D4161F /* Expression_101@2x.png in Resources */ = {isa = PBXBuildFile; fileRef = 58AAE6F11F59490000D4161F /* Expression_101@2x.png */; };
		58AAE75B1F59490000D4161F /* Expression_102@2x.png in Resources */ = {isa = PBXBuildFile; fileRef = 58AAE6F21F59490000D4161F /* Expression_102@2x.png */; };
		58AAE75C1F59490000D4161F /* Expression_103@2x.png in Resources */ = {isa = PBXBuildFile; fileRef = 58AAE6F31F59490000D4161F /* Expression_103@2x.png */; };
		58AAE75D1F59490000D4161F /* Expression_104@2x.png in Resources */ = {isa = PBXBuildFile; fileRef = 58AAE6F41F59490000D4161F /* Expression_104@2x.png */; };
		58AAE75E1F59490000D4161F /* Expression_105@2x.png in Resources */ = {isa = PBXBuildFile; fileRef = 58AAE6F51F59490000D4161F /* Expression_105@2x.png */; };
		58AAE7611F594A0700D4161F /* ZZRootNaviViewController.m in Sources */ = {isa = PBXBuildFile; fileRef = 58AAE7601F594A0700D4161F /* ZZRootNaviViewController.m */; };
		58AAE7641F594E4800D4161F /* like_icon@2x.png in Resources */ = {isa = PBXBuildFile; fileRef = 58AAE7621F594E4800D4161F /* like_icon@2x.png */; };
		58AAE7651F594E4800D4161F /* like_icon@3x.png in Resources */ = {isa = PBXBuildFile; fileRef = 58AAE7631F594E4800D4161F /* like_icon@3x.png */; };
		58AAE7681F594E6000D4161F /* camera_icon@2x.png in Resources */ = {isa = PBXBuildFile; fileRef = 58AAE7661F594E6000D4161F /* camera_icon@2x.png */; };
		58AAE7691F594E6000D4161F /* camera_icon@3x.png in Resources */ = {isa = PBXBuildFile; fileRef = 58AAE7671F594E6000D4161F /* camera_icon@3x.png */; };
		58AAE76C1F594E7D00D4161F /* comment_icon@2x.png in Resources */ = {isa = PBXBuildFile; fileRef = 58AAE76A1F594E7D00D4161F /* comment_icon@2x.png */; };
		58AAE76D1F594E7D00D4161F /* comment_icon.png in Resources */ = {isa = PBXBuildFile; fileRef = 58AAE76B1F594E7D00D4161F /* comment_icon.png */; };
		58AAE7701F594ED600D4161F /* AlbumComment@2x.png in Resources */ = {isa = PBXBuildFile; fileRef = 58AAE76E1F594ED600D4161F /* AlbumComment@2x.png */; };
		58AAE7711F594ED600D4161F /* AlbumComment@3x.png in Resources */ = {isa = PBXBuildFile; fileRef = 58AAE76F1F594ED600D4161F /* AlbumComment@3x.png */; };
		58AAE7741F594EE400D4161F /* AlbumLike@2x.png in Resources */ = {isa = PBXBuildFile; fileRef = 58AAE7721F594EE400D4161F /* AlbumLike@2x.png */; };
		58AAE7751F594EE400D4161F /* AlbumLike@3x.png in Resources */ = {isa = PBXBuildFile; fileRef = 58AAE7731F594EE400D4161F /* AlbumLike@3x.png */; };
		58AAE7781F594F5500D4161F /* LikeCmtBg@2x.png in Resources */ = {isa = PBXBuildFile; fileRef = 58AAE7761F594F5500D4161F /* LikeCmtBg@2x.png */; };
		58AAE7791F594F5500D4161F /* LikeCmtBg@3x.png in Resources */ = {isa = PBXBuildFile; fileRef = 58AAE7771F594F5500D4161F /* LikeCmtBg@3x.png */; };
		58AAE77B1F594F6800D4161F /* AlbumOperateMoreViewBkg@2x.png in Resources */ = {isa = PBXBuildFile; fileRef = 58AAE77A1F594F6800D4161F /* AlbumOperateMoreViewBkg@2x.png */; };
		58AAE77E1F59665E00D4161F /* IMG_5653.JPG in Resources */ = {isa = PBXBuildFile; fileRef = 58AAE77D1F59665D00D4161F /* IMG_5653.JPG */; };
		58AAE7821F5ABD6700D4161F /* ZZTableHeaderView.m in Sources */ = {isa = PBXBuildFile; fileRef = 58AAE7811F5ABD6700D4161F /* ZZTableHeaderView.m */; };
		58AAE7841F5AC7E700D4161F /* avator.jpg in Resources */ = {isa = PBXBuildFile; fileRef = 58AAE7831F5AC7E700D4161F /* avator.jpg */; };
/* End PBXBuildFile section */

/* Begin PBXContainerItemProxy section */
		58AAE6621F59047200D4161F /* PBXContainerItemProxy */ = {
			isa = PBXContainerItemProxy;
			containerPortal = 58AAE6401F59047100D4161F /* Project object */;
			proxyType = 1;
			remoteGlobalIDString = 58AAE6471F59047100D4161F;
			remoteInfo = MomentsGenerator;
		};
		58AAE66D1F59047200D4161F /* PBXContainerItemProxy */ = {
			isa = PBXContainerItemProxy;
			containerPortal = 58AAE6401F59047100D4161F /* Project object */;
			proxyType = 1;
			remoteGlobalIDString = 58AAE6471F59047100D4161F;
			remoteInfo = MomentsGenerator;
		};
/* End PBXContainerItemProxy section */

/* Begin PBXFileReference section */
		58AAE6481F59047100D4161F /* MomentsGenerator.app */ = {isa = PBXFileReference; explicitFileType = wrapper.application; includeInIndex = 0; path = MomentsGenerator.app; sourceTree = BUILT_PRODUCTS_DIR; };
		58AAE64C1F59047100D4161F /* main.m */ = {isa = PBXFileReference; lastKnownFileType = sourcecode.c.objc; path = main.m; sourceTree = "<group>"; };
		58AAE64E1F59047100D4161F /* AppDelegate.h */ = {isa = PBXFileReference; lastKnownFileType = sourcecode.c.h; path = AppDelegate.h; sourceTree = "<group>"; };
		58AAE64F1F59047200D4161F /* AppDelegate.m */ = {isa = PBXFileReference; lastKnownFileType = sourcecode.c.objc; path = AppDelegate.m; sourceTree = "<group>"; };
		58AAE6571F59047200D4161F /* Assets.xcassets */ = {isa = PBXFileReference; lastKnownFileType = folder.assetcatalog; path = Assets.xcassets; sourceTree = "<group>"; };
		58AAE65A1F59047200D4161F /* Base */ = {isa = PBXFileReference; lastKnownFileType = file.storyboard; name = Base; path = Base.lproj/LaunchScreen.storyboard; sourceTree = "<group>"; };
		58AAE65C1F59047200D4161F /* Info.plist */ = {isa = PBXFileReference; lastKnownFileType = text.plist.xml; path = Info.plist; sourceTree = "<group>"; };
		58AAE6611F59047200D4161F /* MomentsGeneratorTests.xctest */ = {isa = PBXFileReference; explicitFileType = wrapper.cfbundle; includeInIndex = 0; path = MomentsGeneratorTests.xctest; sourceTree = BUILT_PRODUCTS_DIR; };
		58AAE6651F59047200D4161F /* MomentsGeneratorTests.m */ = {isa = PBXFileReference; lastKnownFileType = sourcecode.c.objc; path = MomentsGeneratorTests.m; sourceTree = "<group>"; };
		58AAE6671F59047200D4161F /* Info.plist */ = {isa = PBXFileReference; lastKnownFileType = text.plist.xml; path = Info.plist; sourceTree = "<group>"; };
		58AAE66C1F59047200D4161F /* MomentsGeneratorUITests.xctest */ = {isa = PBXFileReference; explicitFileType = wrapper.cfbundle; includeInIndex = 0; path = MomentsGeneratorUITests.xctest; sourceTree = BUILT_PRODUCTS_DIR; };
		58AAE6701F59047200D4161F /* MomentsGeneratorUITests.m */ = {isa = PBXFileReference; lastKnownFileType = sourcecode.c.objc; path = MomentsGeneratorUITests.m; sourceTree = "<group>"; };
		58AAE6721F59047200D4161F /* Info.plist */ = {isa = PBXFileReference; lastKnownFileType = text.plist.xml; path = Info.plist; sourceTree = "<group>"; };
		58AAE67E1F59056B00D4161F /* ZZMainViewController.h */ = {isa = PBXFileReference; fileEncoding = 4; lastKnownFileType = sourcecode.c.h; path = ZZMainViewController.h; sourceTree = "<group>"; };
		58AAE67F1F59056B00D4161F /* ZZMainViewController.m */ = {isa = PBXFileReference; fileEncoding = 4; lastKnownFileType = sourcecode.c.objc; path = ZZMainViewController.m; sourceTree = "<group>"; };
		58AAE6831F5948C300D4161F /* back_icon@2x.png */ = {isa = PBXFileReference; lastKnownFileType = image.png; path = "back_icon@2x.png"; sourceTree = "<group>"; };
		58AAE6841F5948C300D4161F /* back_icon@3x.png */ = {isa = PBXFileReference; lastKnownFileType = image.png; path = "back_icon@3x.png"; sourceTree = "<group>"; };
		58AAE6851F5948C300D4161F /* shareMoment@2x.png */ = {isa = PBXFileReference; lastKnownFileType = image.png; path = "shareMoment@2x.png"; sourceTree = "<group>"; };
		58AAE6861F5948C300D4161F /* shareMoment@3x.png */ = {isa = PBXFileReference; lastKnownFileType = image.png; path = "shareMoment@3x.png"; sourceTree = "<group>"; };
		58AAE68D1F59490000D4161F /* Expression_1@2x.png */ = {isa = PBXFileReference; lastKnownFileType = image.png; path = "Expression_1@2x.png"; sourceTree = "<group>"; };
		58AAE68E1F59490000D4161F /* Expression_2@2x.png */ = {isa = PBXFileReference; lastKnownFileType = image.png; path = "Expression_2@2x.png"; sourceTree = "<group>"; };
		58AAE68F1F59490000D4161F /* Expression_3@2x.png */ = {isa = PBXFileReference; lastKnownFileType = image.png; path = "Expression_3@2x.png"; sourceTree = "<group>"; };
		58AAE6901F59490000D4161F /* Expression_4@2x.png */ = {isa = PBXFileReference; lastKnownFileType = image.png; path = "Expression_4@2x.png"; sourceTree = "<group>"; };
		58AAE6911F59490000D4161F /* Expression_5@2x.png */ = {isa = PBXFileReference; lastKnownFileType = image.png; path = "Expression_5@2x.png"; sourceTree = "<group>"; };
		58AAE6921F59490000D4161F /* Expression_6@2x.png */ = {isa = PBXFileReference; lastKnownFileType = image.png; path = "Expression_6@2x.png"; sourceTree = "<group>"; };
		58AAE6931F59490000D4161F /* Expression_7@2x.png */ = {isa = PBXFileReference; lastKnownFileType = image.png; path = "Expression_7@2x.png"; sourceTree = "<group>"; };
		58AAE6941F59490000D4161F /* Expression_8@2x.png */ = {isa = PBXFileReference; lastKnownFileType = image.png; path = "Expression_8@2x.png"; sourceTree = "<group>"; };
		58AAE6951F59490000D4161F /* Expression_9@2x.png */ = {isa = PBXFileReference; lastKnownFileType = image.png; path = "Expression_9@2x.png"; sourceTree = "<group>"; };
		58AAE6961F59490000D4161F /* Expression_10@2x.png */ = {isa = PBXFileReference; lastKnownFileType = image.png; path = "Expression_10@2x.png"; sourceTree = "<group>"; };
		58AAE6971F59490000D4161F /* Expression_11@2x.png */ = {isa = PBXFileReference; lastKnownFileType = image.png; path = "Expression_11@2x.png"; sourceTree = "<group>"; };
		58AAE6981F59490000D4161F /* Expression_12@2x.png */ = {isa = PBXFileReference; lastKnownFileType = image.png; path = "Expression_12@2x.png"; sourceTree = "<group>"; };
		58AAE6991F59490000D4161F /* Expression_13@2x.png */ = {isa = PBXFileReference; lastKnownFileType = image.png; path = "Expression_13@2x.png"; sourceTree = "<group>"; };
		58AAE69A1F59490000D4161F /* Expression_14@2x.png */ = {isa = PBXFileReference; lastKnownFileType = image.png; path = "Expression_14@2x.png"; sourceTree = "<group>"; };
		58AAE69B1F59490000D4161F /* Expression_15@2x.png */ = {isa = PBXFileReference; lastKnownFileType = image.png; path = "Expression_15@2x.png"; sourceTree = "<group>"; };
		58AAE69C1F59490000D4161F /* Expression_16@2x.png */ = {isa = PBXFileReference; lastKnownFileType = image.png; path = "Expression_16@2x.png"; sourceTree = "<group>"; };
		58AAE69D1F59490000D4161F /* Expression_17@2x.png */ = {isa = PBXFileReference; lastKnownFileType = image.png; path = "Expression_17@2x.png"; sourceTree = "<group>"; };
		58AAE69E1F59490000D4161F /* Expression_18@2x.png */ = {isa = PBXFileReference; lastKnownFileType = image.png; path = "Expression_18@2x.png"; sourceTree = "<group>"; };
		58AAE69F1F59490000D4161F /* Expression_19@2x.png */ = {isa = PBXFileReference; lastKnownFileType = image.png; path = "Expression_19@2x.png"; sourceTree = "<group>"; };
		58AAE6A01F59490000D4161F /* Expression_20@2x.png */ = {isa = PBXFileReference; lastKnownFileType = image.png; path = "Expression_20@2x.png"; sourceTree = "<group>"; };
		58AAE6A11F59490000D4161F /* Expression_21@2x.png */ = {isa = PBXFileReference; lastKnownFileType = image.png; path = "Expression_21@2x.png"; sourceTree = "<group>"; };
		58AAE6A21F59490000D4161F /* Expression_22@2x.png */ = {isa = PBXFileReference; lastKnownFileType = image.png; path = "Expression_22@2x.png"; sourceTree = "<group>"; };
		58AAE6A31F59490000D4161F /* Expression_23@2x.png */ = {isa = PBXFileReference; lastKnownFileType = image.png; path = "Expression_23@2x.png"; sourceTree = "<group>"; };
		58AAE6A41F59490000D4161F /* Expression_24@2x.png */ = {isa = PBXFileReference; lastKnownFileType = image.png; path = "Expression_24@2x.png"; sourceTree = "<group>"; };
		58AAE6A51F59490000D4161F /* Expression_25@2x.png */ = {isa = PBXFileReference; lastKnownFileType = image.png; path = "Expression_25@2x.png"; sourceTree = "<group>"; };
		58AAE6A61F59490000D4161F /* Expression_26@2x.png */ = {isa = PBXFileReference; lastKnownFileType = image.png; path = "Expression_26@2x.png"; sourceTree = "<group>"; };
		58AAE6A71F59490000D4161F /* Expression_27@2x.png */ = {isa = PBXFileReference; lastKnownFileType = image.png; path = "Expression_27@2x.png"; sourceTree = "<group>"; };
		58AAE6A81F59490000D4161F /* Expression_28@2x.png */ = {isa = PBXFileReference; lastKnownFileType = image.png; path = "Expression_28@2x.png"; sourceTree = "<group>"; };
		58AAE6A91F59490000D4161F /* Expression_29@2x.png */ = {isa = PBXFileReference; lastKnownFileType = image.png; path = "Expression_29@2x.png"; sourceTree = "<group>"; };
		58AAE6AA1F59490000D4161F /* Expression_30@2x.png */ = {isa = PBXFileReference; lastKnownFileType = image.png; path = "Expression_30@2x.png"; sourceTree = "<group>"; };
		58AAE6AB1F59490000D4161F /* Expression_31@2x.png */ = {isa = PBXFileReference; lastKnownFileType = image.png; path = "Expression_31@2x.png"; sourceTree = "<group>"; };
		58AAE6AC1F59490000D4161F /* Expression_32@2x.png */ = {isa = PBXFileReference; lastKnownFileType = image.png; path = "Expression_32@2x.png"; sourceTree = "<group>"; };
		58AAE6AD1F59490000D4161F /* Expression_33@2x.png */ = {isa = PBXFileReference; lastKnownFileType = image.png; path = "Expression_33@2x.png"; sourceTree = "<group>"; };
		58AAE6AE1F59490000D4161F /* Expression_34@2x.png */ = {isa = PBXFileReference; lastKnownFileType = image.png; path = "Expression_34@2x.png"; sourceTree = "<group>"; };
		58AAE6AF1F59490000D4161F /* Expression_35@2x.png */ = {isa = PBXFileReference; lastKnownFileType = image.png; path = "Expression_35@2x.png"; sourceTree = "<group>"; };
		58AAE6B01F59490000D4161F /* Expression_36@2x.png */ = {isa = PBXFileReference; lastKnownFileType = image.png; path = "Expression_36@2x.png"; sourceTree = "<group>"; };
		58AAE6B11F59490000D4161F /* Expression_37@2x.png */ = {isa = PBXFileReference; lastKnownFileType = image.png; path = "Expression_37@2x.png"; sourceTree = "<group>"; };
		58AAE6B21F59490000D4161F /* Expression_38@2x.png */ = {isa = PBXFileReference; lastKnownFileType = image.png; path = "Expression_38@2x.png"; sourceTree = "<group>"; };
		58AAE6B31F59490000D4161F /* Expression_39@2x.png */ = {isa = PBXFileReference; lastKnownFileType = image.png; path = "Expression_39@2x.png"; sourceTree = "<group>"; };
		58AAE6B41F59490000D4161F /* Expression_40@2x.png */ = {isa = PBXFileReference; lastKnownFileType = image.png; path = "Expression_40@2x.png"; sourceTree = "<group>"; };
		58AAE6B51F59490000D4161F /* Expression_41@2x.png */ = {isa = PBXFileReference; lastKnownFileType = image.png; path = "Expression_41@2x.png"; sourceTree = "<group>"; };
		58AAE6B61F59490000D4161F /* Expression_42@2x.png */ = {isa = PBXFileReference; lastKnownFileType = image.png; path = "Expression_42@2x.png"; sourceTree = "<group>"; };
		58AAE6B71F59490000D4161F /* Expression_43@2x.png */ = {isa = PBXFileReference; lastKnownFileType = image.png; path = "Expression_43@2x.png"; sourceTree = "<group>"; };
		58AAE6B81F59490000D4161F /* Expression_44@2x.png */ = {isa = PBXFileReference; lastKnownFileType = image.png; path = "Expression_44@2x.png"; sourceTree = "<group>"; };
		58AAE6B91F59490000D4161F /* Expression_45@2x.png */ = {isa = PBXFileReference; lastKnownFileType = image.png; path = "Expression_45@2x.png"; sourceTree = "<group>"; };
		58AAE6BA1F59490000D4161F /* Expression_46@2x.png */ = {isa = PBXFileReference; lastKnownFileType = image.png; path = "Expression_46@2x.png"; sourceTree = "<group>"; };
		58AAE6BB1F59490000D4161F /* Expression_47@2x.png */ = {isa = PBXFileReference; lastKnownFileType = image.png; path = "Expression_47@2x.png"; sourceTree = "<group>"; };
		58AAE6BC1F59490000D4161F /* Expression_48@2x.png */ = {isa = PBXFileReference; lastKnownFileType = image.png; path = "Expression_48@2x.png"; sourceTree = "<group>"; };
		58AAE6BD1F59490000D4161F /* Expression_49@2x.png */ = {isa = PBXFileReference; lastKnownFileType = image.png; path = "Expression_49@2x.png"; sourceTree = "<group>"; };
		58AAE6BE1F59490000D4161F /* Expression_50@2x.png */ = {isa = PBXFileReference; lastKnownFileType = image.png; path = "Expression_50@2x.png"; sourceTree = "<group>"; };
		58AAE6BF1F59490000D4161F /* Expression_51@2x.png */ = {isa = PBXFileReference; lastKnownFileType = image.png; path = "Expression_51@2x.png"; sourceTree = "<group>"; };
		58AAE6C01F59490000D4161F /* Expression_52@2x.png */ = {isa = PBXFileReference; lastKnownFileType = image.png; path = "Expression_52@2x.png"; sourceTree = "<group>"; };
		58AAE6C11F59490000D4161F /* Expression_53@2x.png */ = {isa = PBXFileReference; lastKnownFileType = image.png; path = "Expression_53@2x.png"; sourceTree = "<group>"; };
		58AAE6C21F59490000D4161F /* Expression_54@2x.png */ = {isa = PBXFileReference; lastKnownFileType = image.png; path = "Expression_54@2x.png"; sourceTree = "<group>"; };
		58AAE6C31F59490000D4161F /* Expression_55@2x.png */ = {isa = PBXFileReference; lastKnownFileType = image.png; path = "Expression_55@2x.png"; sourceTree = "<group>"; };
		58AAE6C41F59490000D4161F /* Expression_56@2x.png */ = {isa = PBXFileReference; lastKnownFileType = image.png; path = "Expression_56@2x.png"; sourceTree = "<group>"; };
		58AAE6C51F59490000D4161F /* Expression_57@2x.png */ = {isa = PBXFileReference; lastKnownFileType = image.png; path = "Expression_57@2x.png"; sourceTree = "<group>"; };
		58AAE6C61F59490000D4161F /* Expression_58@2x.png */ = {isa = PBXFileReference; lastKnownFileType = image.png; path = "Expression_58@2x.png"; sourceTree = "<group>"; };
		58AAE6C71F59490000D4161F /* Expression_59@2x.png */ = {isa = PBXFileReference; lastKnownFileType = image.png; path = "Expression_59@2x.png"; sourceTree = "<group>"; };
		58AAE6C81F59490000D4161F /* Expression_60@2x.png */ = {isa = PBXFileReference; lastKnownFileType = image.png; path = "Expression_60@2x.png"; sourceTree = "<group>"; };
		58AAE6C91F59490000D4161F /* Expression_61@2x.png */ = {isa = PBXFileReference; lastKnownFileType = image.png; path = "Expression_61@2x.png"; sourceTree = "<group>"; };
		58AAE6CA1F59490000D4161F /* Expression_62@2x.png */ = {isa = PBXFileReference; lastKnownFileType = image.png; path = "Expression_62@2x.png"; sourceTree = "<group>"; };
		58AAE6CB1F59490000D4161F /* Expression_63@2x.png */ = {isa = PBXFileReference; lastKnownFileType = image.png; path = "Expression_63@2x.png"; sourceTree = "<group>"; };
		58AAE6CC1F59490000D4161F /* Expression_64@2x.png */ = {isa = PBXFileReference; lastKnownFileType = image.png; path = "Expression_64@2x.png"; sourceTree = "<group>"; };
		58AAE6CD1F59490000D4161F /* Expression_65@2x.png */ = {isa = PBXFileReference; lastKnownFileType = image.png; path = "Expression_65@2x.png"; sourceTree = "<group>"; };
		58AAE6CE1F59490000D4161F /* Expression_66@2x.png */ = {isa = PBXFileReference; lastKnownFileType = image.png; path = "Expression_66@2x.png"; sourceTree = "<group>"; };
		58AAE6CF1F59490000D4161F /* Expression_67@2x.png */ = {isa = PBXFileReference; lastKnownFileType = image.png; path = "Expression_67@2x.png"; sourceTree = "<group>"; };
		58AAE6D01F59490000D4161F /* Expression_68@2x.png */ = {isa = PBXFileReference; lastKnownFileType = image.png; path = "Expression_68@2x.png"; sourceTree = "<group>"; };
		58AAE6D11F59490000D4161F /* Expression_69@2x.png */ = {isa = PBXFileReference; lastKnownFileType = image.png; path = "Expression_69@2x.png"; sourceTree = "<group>"; };
		58AAE6D21F59490000D4161F /* Expression_70@2x.png */ = {isa = PBXFileReference; lastKnownFileType = image.png; path = "Expression_70@2x.png"; sourceTree = "<group>"; };
		58AAE6D31F59490000D4161F /* Expression_71@2x.png */ = {isa = PBXFileReference; lastKnownFileType = image.png; path = "Expression_71@2x.png"; sourceTree = "<group>"; };
		58AAE6D41F59490000D4161F /* Expression_72@2x.png */ = {isa = PBXFileReference; lastKnownFileType = image.png; path = "Expression_72@2x.png"; sourceTree = "<group>"; };
		58AAE6D51F59490000D4161F /* Expression_73@2x.png */ = {isa = PBXFileReference; lastKnownFileType = image.png; path = "Expression_73@2x.png"; sourceTree = "<group>"; };
		58AAE6D61F59490000D4161F /* Expression_74@2x.png */ = {isa = PBXFileReference; lastKnownFileType = image.png; path = "Expression_74@2x.png"; sourceTree = "<group>"; };
		58AAE6D71F59490000D4161F /* Expression_75@2x.png */ = {isa = PBXFileReference; lastKnownFileType = image.png; path = "Expression_75@2x.png"; sourceTree = "<group>"; };
		58AAE6D81F59490000D4161F /* Expression_76@2x.png */ = {isa = PBXFileReference; lastKnownFileType = image.png; path = "Expression_76@2x.png"; sourceTree = "<group>"; };
		58AAE6D91F59490000D4161F /* Expression_77@2x.png */ = {isa = PBXFileReference; lastKnownFileType = image.png; path = "Expression_77@2x.png"; sourceTree = "<group>"; };
		58AAE6DA1F59490000D4161F /* Expression_78@2x.png */ = {isa = PBXFileReference; lastKnownFileType = image.png; path = "Expression_78@2x.png"; sourceTree = "<group>"; };
		58AAE6DB1F59490000D4161F /* Expression_79@2x.png */ = {isa = PBXFileReference; lastKnownFileType = image.png; path = "Expression_79@2x.png"; sourceTree = "<group>"; };
		58AAE6DC1F59490000D4161F /* Expression_80@2x.png */ = {isa = PBXFileReference; lastKnownFileType = image.png; path = "Expression_80@2x.png"; sourceTree = "<group>"; };
		58AAE6DD1F59490000D4161F /* Expression_81@2x.png */ = {isa = PBXFileReference; lastKnownFileType = image.png; path = "Expression_81@2x.png"; sourceTree = "<group>"; };
		58AAE6DE1F59490000D4161F /* Expression_82@2x.png */ = {isa = PBXFileReference; lastKnownFileType = image.png; path = "Expression_82@2x.png"; sourceTree = "<group>"; };
		58AAE6DF1F59490000D4161F /* Expression_83@2x.png */ = {isa = PBXFileReference; lastKnownFileType = image.png; path = "Expression_83@2x.png"; sourceTree = "<group>"; };
		58AAE6E01F59490000D4161F /* Expression_84@2x.png */ = {isa = PBXFileReference; lastKnownFileType = image.png; path = "Expression_84@2x.png"; sourceTree = "<group>"; };
		58AAE6E11F59490000D4161F /* Expression_85@2x.png */ = {isa = PBXFileReference; lastKnownFileType = image.png; path = "Expression_85@2x.png"; sourceTree = "<group>"; };
		58AAE6E21F59490000D4161F /* Expression_86@2x.png */ = {isa = PBXFileReference; lastKnownFileType = image.png; path = "Expression_86@2x.png"; sourceTree = "<group>"; };
		58AAE6E31F59490000D4161F /* Expression_87@2x.png */ = {isa = PBXFileReference; lastKnownFileType = image.png; path = "Expression_87@2x.png"; sourceTree = "<group>"; };
		58AAE6E41F59490000D4161F /* Expression_88@2x.png */ = {isa = PBXFileReference; lastKnownFileType = image.png; path = "Expression_88@2x.png"; sourceTree = "<group>"; };
		58AAE6E51F59490000D4161F /* Expression_89@2x.png */ = {isa = PBXFileReference; lastKnownFileType = image.png; path = "Expression_89@2x.png"; sourceTree = "<group>"; };
		58AAE6E61F59490000D4161F /* Expression_90@2x.png */ = {isa = PBXFileReference; lastKnownFileType = image.png; path = "Expression_90@2x.png"; sourceTree = "<group>"; };
		58AAE6E71F59490000D4161F /* Expression_91@2x.png */ = {isa = PBXFileReference; lastKnownFileType = image.png; path = "Expression_91@2x.png"; sourceTree = "<group>"; };
		58AAE6E81F59490000D4161F /* Expression_92@2x.png */ = {isa = PBXFileReference; lastKnownFileType = image.png; path = "Expression_92@2x.png"; sourceTree = "<group>"; };
		58AAE6E91F59490000D4161F /* Expression_93@2x.png */ = {isa = PBXFileReference; lastKnownFileType = image.png; path = "Expression_93@2x.png"; sourceTree = "<group>"; };
		58AAE6EA1F59490000D4161F /* Expression_94@2x.png */ = {isa = PBXFileReference; lastKnownFileType = image.png; path = "Expression_94@2x.png"; sourceTree = "<group>"; };
		58AAE6EB1F59490000D4161F /* Expression_95@2x.png */ = {isa = PBXFileReference; lastKnownFileType = image.png; path = "Expression_95@2x.png"; sourceTree = "<group>"; };
		58AAE6EC1F59490000D4161F /* Expression_96@2x.png */ = {isa = PBXFileReference; lastKnownFileType = image.png; path = "Expression_96@2x.png"; sourceTree = "<group>"; };
		58AAE6ED1F59490000D4161F /* Expression_97@2x.png */ = {isa = PBXFileReference; lastKnownFileType = image.png; path = "Expression_97@2x.png"; sourceTree = "<group>"; };
		58AAE6EE1F59490000D4161F /* Expression_98@2x.png */ = {isa = PBXFileReference; lastKnownFileType = image.png; path = "Expression_98@2x.png"; sourceTree = "<group>"; };
		58AAE6EF1F59490000D4161F /* Expression_99@2x.png */ = {isa = PBXFileReference; lastKnownFileType = image.png; path = "Expression_99@2x.png"; sourceTree = "<group>"; };
		58AAE6F01F59490000D4161F /* Expression_100@2x.png */ = {isa = PBXFileReference; lastKnownFileType = image.png; path = "Expression_100@2x.png"; sourceTree = "<group>"; };
		58AAE6F11F59490000D4161F /* Expression_101@2x.png */ = {isa = PBXFileReference; lastKnownFileType = image.png; path = "Expression_101@2x.png"; sourceTree = "<group>"; };
		58AAE6F21F59490000D4161F /* Expression_102@2x.png */ = {isa = PBXFileReference; lastKnownFileType = image.png; path = "Expression_102@2x.png"; sourceTree = "<group>"; };
		58AAE6F31F59490000D4161F /* Expression_103@2x.png */ = {isa = PBXFileReference; lastKnownFileType = image.png; path = "Expression_103@2x.png"; sourceTree = "<group>"; };
		58AAE6F41F59490000D4161F /* Expression_104@2x.png */ = {isa = PBXFileReference; lastKnownFileType = image.png; path = "Expression_104@2x.png"; sourceTree = "<group>"; };
		58AAE6F51F59490000D4161F /* Expression_105@2x.png */ = {isa = PBXFileReference; lastKnownFileType = image.png; path = "Expression_105@2x.png"; sourceTree = "<group>"; };
		58AAE75F1F594A0700D4161F /* ZZRootNaviViewController.h */ = {isa = PBXFileReference; fileEncoding = 4; lastKnownFileType = sourcecode.c.h; path = ZZRootNaviViewController.h; sourceTree = "<group>"; };
		58AAE7601F594A0700D4161F /* ZZRootNaviViewController.m */ = {isa = PBXFileReference; fileEncoding = 4; lastKnownFileType = sourcecode.c.objc; path = ZZRootNaviViewController.m; sourceTree = "<group>"; };
		58AAE7621F594E4800D4161F /* like_icon@2x.png */ = {isa = PBXFileReference; lastKnownFileType = image.png; path = "like_icon@2x.png"; sourceTree = "<group>"; };
		58AAE7631F594E4800D4161F /* like_icon@3x.png */ = {isa = PBXFileReference; lastKnownFileType = image.png; path = "like_icon@3x.png"; sourceTree = "<group>"; };
		58AAE7661F594E6000D4161F /* camera_icon@2x.png */ = {isa = PBXFileReference; lastKnownFileType = image.png; path = "camera_icon@2x.png"; sourceTree = "<group>"; };
		58AAE7671F594E6000D4161F /* camera_icon@3x.png */ = {isa = PBXFileReference; lastKnownFileType = image.png; path = "camera_icon@3x.png"; sourceTree = "<group>"; };
		58AAE76A1F594E7D00D4161F /* comment_icon@2x.png */ = {isa = PBXFileReference; lastKnownFileType = image.png; path = "comment_icon@2x.png"; sourceTree = "<group>"; };
		58AAE76B1F594E7D00D4161F /* comment_icon.png */ = {isa = PBXFileReference; lastKnownFileType = image.png; path = comment_icon.png; sourceTree = "<group>"; };
		58AAE76E1F594ED600D4161F /* AlbumComment@2x.png */ = {isa = PBXFileReference; lastKnownFileType = image.png; path = "AlbumComment@2x.png"; sourceTree = "<group>"; };
		58AAE76F1F594ED600D4161F /* AlbumComment@3x.png */ = {isa = PBXFileReference; lastKnownFileType = image.png; path = "AlbumComment@3x.png"; sourceTree = "<group>"; };
		58AAE7721F594EE400D4161F /* AlbumLike@2x.png */ = {isa = PBXFileReference; lastKnownFileType = image.png; path = "AlbumLike@2x.png"; sourceTree = "<group>"; };
		58AAE7731F594EE400D4161F /* AlbumLike@3x.png */ = {isa = PBXFileReference; lastKnownFileType = image.png; path = "AlbumLike@3x.png"; sourceTree = "<group>"; };
		58AAE7761F594F5500D4161F /* LikeCmtBg@2x.png */ = {isa = PBXFileReference; lastKnownFileType = image.png; path = "LikeCmtBg@2x.png"; sourceTree = "<group>"; };
		58AAE7771F594F5500D4161F /* LikeCmtBg@3x.png */ = {isa = PBXFileReference; lastKnownFileType = image.png; path = "LikeCmtBg@3x.png"; sourceTree = "<group>"; };
		58AAE77A1F594F6800D4161F /* AlbumOperateMoreViewBkg@2x.png */ = {isa = PBXFileReference; lastKnownFileType = image.png; path = "AlbumOperateMoreViewBkg@2x.png"; sourceTree = "<group>"; };
		58AAE77D1F59665D00D4161F /* IMG_5653.JPG */ = {isa = PBXFileReference; lastKnownFileType = image.jpeg; path = IMG_5653.JPG; sourceTree = "<group>"; };
		58AAE7801F5ABD6700D4161F /* ZZTableHeaderView.h */ = {isa = PBXFileReference; fileEncoding = 4; lastKnownFileType = sourcecode.c.h; path = ZZTableHeaderView.h; sourceTree = "<group>"; };
		58AAE7811F5ABD6700D4161F /* ZZTableHeaderView.m */ = {isa = PBXFileReference; fileEncoding = 4; lastKnownFileType = sourcecode.c.objc; path = ZZTableHeaderView.m; sourceTree = "<group>"; };
		58AAE7831F5AC7E700D4161F /* avator.jpg */ = {isa = PBXFileReference; lastKnownFileType = image.jpeg; path = avator.jpg; sourceTree = "<group>"; };
/* End PBXFileReference section */

/* Begin PBXFrameworksBuildPhase section */
		58AAE6451F59047100D4161F /* Frameworks */ = {
			isa = PBXFrameworksBuildPhase;
			buildActionMask = 2147483647;
			files = (
			);
			runOnlyForDeploymentPostprocessing = 0;
		};
		58AAE65E1F59047200D4161F /* Frameworks */ = {
			isa = PBXFrameworksBuildPhase;
			buildActionMask = 2147483647;
			files = (
			);
			runOnlyForDeploymentPostprocessing = 0;
		};
		58AAE6691F59047200D4161F /* Frameworks */ = {
			isa = PBXFrameworksBuildPhase;
			buildActionMask = 2147483647;
			files = (
			);
			runOnlyForDeploymentPostprocessing = 0;
		};
/* End PBXFrameworksBuildPhase section */

/* Begin PBXGroup section */
		58AAE63F1F59047100D4161F = {
			isa = PBXGroup;
			children = (
				58AAE64A1F59047100D4161F /* MomentsGenerator */,
				58AAE6641F59047200D4161F /* MomentsGeneratorTests */,
				58AAE66F1F59047200D4161F /* MomentsGeneratorUITests */,
				58AAE6491F59047100D4161F /* Products */,
			);
			sourceTree = "<group>";
		};
		58AAE6491F59047100D4161F /* Products */ = {
			isa = PBXGroup;
			children = (
				58AAE6481F59047100D4161F /* MomentsGenerator.app */,
				58AAE6611F59047200D4161F /* MomentsGeneratorTests.xctest */,
				58AAE66C1F59047200D4161F /* MomentsGeneratorUITests.xctest */,
			);
			name = Products;
			sourceTree = "<group>";
		};
		58AAE64A1F59047100D4161F /* MomentsGenerator */ = {
			isa = PBXGroup;
			children = (
				58AAE64E1F59047100D4161F /* AppDelegate.h */,
				58AAE64F1F59047200D4161F /* AppDelegate.m */,
				58AAE75F1F594A0700D4161F /* ZZRootNaviViewController.h */,
				58AAE7601F594A0700D4161F /* ZZRootNaviViewController.m */,
				58AAE67E1F59056B00D4161F /* ZZMainViewController.h */,
				58AAE67F1F59056B00D4161F /* ZZMainViewController.m */,
				58AAE77F1F5ABD2800D4161F /* Views */,
				58AAE6811F59488500D4161F /* Resources */,
				58AAE6571F59047200D4161F /* Assets.xcassets */,
				58AAE6591F59047200D4161F /* LaunchScreen.storyboard */,
				58AAE65C1F59047200D4161F /* Info.plist */,
				58AAE64B1F59047100D4161F /* Supporting Files */,
			);
			path = MomentsGenerator;
			sourceTree = "<group>";
		};
		58AAE64B1F59047100D4161F /* Supporting Files */ = {
			isa = PBXGroup;
			children = (
				58AAE64C1F59047100D4161F /* main.m */,
			);
			name = "Supporting Files";
			sourceTree = "<group>";
		};
		58AAE6641F59047200D4161F /* MomentsGeneratorTests */ = {
			isa = PBXGroup;
			children = (
				58AAE6651F59047200D4161F /* MomentsGeneratorTests.m */,
				58AAE6671F59047200D4161F /* Info.plist */,
			);
			path = MomentsGeneratorTests;
			sourceTree = "<group>";
		};
		58AAE66F1F59047200D4161F /* MomentsGeneratorUITests */ = {
			isa = PBXGroup;
			children = (
				58AAE6701F59047200D4161F /* MomentsGeneratorUITests.m */,
				58AAE6721F59047200D4161F /* Info.plist */,
			);
			path = MomentsGeneratorUITests;
			sourceTree = "<group>";
		};
		58AAE6811F59488500D4161F /* Resources */ = {
			isa = PBXGroup;
			children = (
				58AAE77C1F5965F500D4161F /* tmpPic */,
				58AAE7661F594E6000D4161F /* camera_icon@2x.png */,
				58AAE7671F594E6000D4161F /* camera_icon@3x.png */,
				58AAE6851F5948C300D4161F /* shareMoment@2x.png */,
				58AAE6861F5948C300D4161F /* shareMoment@3x.png */,
				58AAE7721F594EE400D4161F /* AlbumLike@2x.png */,
				58AAE7731F594EE400D4161F /* AlbumLike@3x.png */,
				58AAE76E1F594ED600D4161F /* AlbumComment@2x.png */,
				58AAE76F1F594ED600D4161F /* AlbumComment@3x.png */,
				58AAE7621F594E4800D4161F /* like_icon@2x.png */,
				58AAE7631F594E4800D4161F /* like_icon@3x.png */,
				58AAE76A1F594E7D00D4161F /* comment_icon@2x.png */,
				58AAE76B1F594E7D00D4161F /* comment_icon.png */,
				58AAE6831F5948C300D4161F /* back_icon@2x.png */,
				58AAE6841F5948C300D4161F /* back_icon@3x.png */,
				58AAE7761F594F5500D4161F /* LikeCmtBg@2x.png */,
				58AAE7771F594F5500D4161F /* LikeCmtBg@3x.png */,
				58AAE77A1F594F6800D4161F /* AlbumOperateMoreViewBkg@2x.png */,
				58AAE68C1F5948E500D4161F /* Expression */,
			);
			name = Resources;
			sourceTree = "<group>";
		};
		58AAE68C1F5948E500D4161F /* Expression */ = {
			isa = PBXGroup;
			children = (
				58AAE68D1F59490000D4161F /* Expression_1@2x.png */,
				58AAE68E1F59490000D4161F /* Expression_2@2x.png */,
				58AAE68F1F59490000D4161F /* Expression_3@2x.png */,
				58AAE6901F59490000D4161F /* Expression_4@2x.png */,
				58AAE6911F59490000D4161F /* Expression_5@2x.png */,
				58AAE6921F59490000D4161F /* Expression_6@2x.png */,
				58AAE6931F59490000D4161F /* Expression_7@2x.png */,
				58AAE6941F59490000D4161F /* Expression_8@2x.png */,
				58AAE6951F59490000D4161F /* Expression_9@2x.png */,
				58AAE6961F59490000D4161F /* Expression_10@2x.png */,
				58AAE6971F59490000D4161F /* Expression_11@2x.png */,
				58AAE6981F59490000D4161F /* Expression_12@2x.png */,
				58AAE6991F59490000D4161F /* Expression_13@2x.png */,
				58AAE69A1F59490000D4161F /* Expression_14@2x.png */,
				58AAE69B1F59490000D4161F /* Expression_15@2x.png */,
				58AAE69C1F59490000D4161F /* Expression_16@2x.png */,
				58AAE69D1F59490000D4161F /* Expression_17@2x.png */,
				58AAE69E1F59490000D4161F /* Expression_18@2x.png */,
				58AAE69F1F59490000D4161F /* Expression_19@2x.png */,
				58AAE6A01F59490000D4161F /* Expression_20@2x.png */,
				58AAE6A11F59490000D4161F /* Expression_21@2x.png */,
				58AAE6A21F59490000D4161F /* Expression_22@2x.png */,
				58AAE6A31F59490000D4161F /* Expression_23@2x.png */,
				58AAE6A41F59490000D4161F /* Expression_24@2x.png */,
				58AAE6A51F59490000D4161F /* Expression_25@2x.png */,
				58AAE6A61F59490000D4161F /* Expression_26@2x.png */,
				58AAE6A71F59490000D4161F /* Expression_27@2x.png */,
				58AAE6A81F59490000D4161F /* Expression_28@2x.png */,
				58AAE6A91F59490000D4161F /* Expression_29@2x.png */,
				58AAE6AA1F59490000D4161F /* Expression_30@2x.png */,
				58AAE6AB1F59490000D4161F /* Expression_31@2x.png */,
				58AAE6AC1F59490000D4161F /* Expression_32@2x.png */,
				58AAE6AD1F59490000D4161F /* Expression_33@2x.png */,
				58AAE6AE1F59490000D4161F /* Expression_34@2x.png */,
				58AAE6AF1F59490000D4161F /* Expression_35@2x.png */,
				58AAE6B01F59490000D4161F /* Expression_36@2x.png */,
				58AAE6B11F59490000D4161F /* Expression_37@2x.png */,
				58AAE6B21F59490000D4161F /* Expression_38@2x.png */,
				58AAE6B31F59490000D4161F /* Expression_39@2x.png */,
				58AAE6B41F59490000D4161F /* Expression_40@2x.png */,
				58AAE6B51F59490000D4161F /* Expression_41@2x.png */,
				58AAE6B61F59490000D4161F /* Expression_42@2x.png */,
				58AAE6B71F59490000D4161F /* Expression_43@2x.png */,
				58AAE6B81F59490000D4161F /* Expression_44@2x.png */,
				58AAE6B91F59490000D4161F /* Expression_45@2x.png */,
				58AAE6BA1F59490000D4161F /* Expression_46@2x.png */,
				58AAE6BB1F59490000D4161F /* Expression_47@2x.png */,
				58AAE6BC1F59490000D4161F /* Expression_48@2x.png */,
				58AAE6BD1F59490000D4161F /* Expression_49@2x.png */,
				58AAE6BE1F59490000D4161F /* Expression_50@2x.png */,
				58AAE6BF1F59490000D4161F /* Expression_51@2x.png */,
				58AAE6C01F59490000D4161F /* Expression_52@2x.png */,
				58AAE6C11F59490000D4161F /* Expression_53@2x.png */,
				58AAE6C21F59490000D4161F /* Expression_54@2x.png */,
				58AAE6C31F59490000D4161F /* Expression_55@2x.png */,
				58AAE6C41F59490000D4161F /* Expression_56@2x.png */,
				58AAE6C51F59490000D4161F /* Expression_57@2x.png */,
				58AAE6C61F59490000D4161F /* Expression_58@2x.png */,
				58AAE6C71F59490000D4161F /* Expression_59@2x.png */,
				58AAE6C81F59490000D4161F /* Expression_60@2x.png */,
				58AAE6C91F59490000D4161F /* Expression_61@2x.png */,
				58AAE6CA1F59490000D4161F /* Expression_62@2x.png */,
				58AAE6CB1F59490000D4161F /* Expression_63@2x.png */,
				58AAE6CC1F59490000D4161F /* Expression_64@2x.png */,
				58AAE6CD1F59490000D4161F /* Expression_65@2x.png */,
				58AAE6CE1F59490000D4161F /* Expression_66@2x.png */,
				58AAE6CF1F59490000D4161F /* Expression_67@2x.png */,
				58AAE6D01F59490000D4161F /* Expression_68@2x.png */,
				58AAE6D11F59490000D4161F /* Expression_69@2x.png */,
				58AAE6D21F59490000D4161F /* Expression_70@2x.png */,
				58AAE6D31F59490000D4161F /* Expression_71@2x.png */,
				58AAE6D41F59490000D4161F /* Expression_72@2x.png */,
				58AAE6D51F59490000D4161F /* Expression_73@2x.png */,
				58AAE6D61F59490000D4161F /* Expression_74@2x.png */,
				58AAE6D71F59490000D4161F /* Expression_75@2x.png */,
				58AAE6D81F59490000D4161F /* Expression_76@2x.png */,
				58AAE6D91F59490000D4161F /* Expression_77@2x.png */,
				58AAE6DA1F59490000D4161F /* Expression_78@2x.png */,
				58AAE6DB1F59490000D4161F /* Expression_79@2x.png */,
				58AAE6DC1F59490000D4161F /* Expression_80@2x.png */,
				58AAE6DD1F59490000D4161F /* Expression_81@2x.png */,
				58AAE6DE1F59490000D4161F /* Expression_82@2x.png */,
				58AAE6DF1F59490000D4161F /* Expression_83@2x.png */,
				58AAE6E01F59490000D4161F /* Expression_84@2x.png */,
				58AAE6E11F59490000D4161F /* Expression_85@2x.png */,
				58AAE6E21F59490000D4161F /* Expression_86@2x.png */,
				58AAE6E31F59490000D4161F /* Expression_87@2x.png */,
				58AAE6E41F59490000D4161F /* Expression_88@2x.png */,
				58AAE6E51F59490000D4161F /* Expression_89@2x.png */,
				58AAE6E61F59490000D4161F /* Expression_90@2x.png */,
				58AAE6E71F59490000D4161F /* Expression_91@2x.png */,
				58AAE6E81F59490000D4161F /* Expression_92@2x.png */,
				58AAE6E91F59490000D4161F /* Expression_93@2x.png */,
				58AAE6EA1F59490000D4161F /* Expression_94@2x.png */,
				58AAE6EB1F59490000D4161F /* Expression_95@2x.png */,
				58AAE6EC1F59490000D4161F /* Expression_96@2x.png */,
				58AAE6ED1F59490000D4161F /* Expression_97@2x.png */,
				58AAE6EE1F59490000D4161F /* Expression_98@2x.png */,
				58AAE6EF1F59490000D4161F /* Expression_99@2x.png */,
				58AAE6F01F59490000D4161F /* Expression_100@2x.png */,
				58AAE6F11F59490000D4161F /* Expression_101@2x.png */,
				58AAE6F21F59490000D4161F /* Expression_102@2x.png */,
				58AAE6F31F59490000D4161F /* Expression_103@2x.png */,
				58AAE6F41F59490000D4161F /* Expression_104@2x.png */,
				58AAE6F51F59490000D4161F /* Expression_105@2x.png */,
			);
			name = Expression;
			sourceTree = "<group>";
		};
		58AAE77C1F5965F500D4161F /* tmpPic */ = {
			isa = PBXGroup;
			children = (
				58AAE77D1F59665D00D4161F /* IMG_5653.JPG */,
				58AAE7831F5AC7E700D4161F /* avator.jpg */,
			);
			name = tmpPic;
			sourceTree = "<group>";
		};
		58AAE77F1F5ABD2800D4161F /* Views */ = {
			isa = PBXGroup;
			children = (
				58AAE7801F5ABD6700D4161F /* ZZTableHeaderView.h */,
				58AAE7811F5ABD6700D4161F /* ZZTableHeaderView.m */,
			);
			name = Views;
			sourceTree = "<group>";
		};
/* End PBXGroup section */

/* Begin PBXNativeTarget section */
		58AAE6471F59047100D4161F /* MomentsGenerator */ = {
			isa = PBXNativeTarget;
			buildConfigurationList = 58AAE6751F59047200D4161F /* Build configuration list for PBXNativeTarget "MomentsGenerator" */;
			buildPhases = (
				58AAE6441F59047100D4161F /* Sources */,
				58AAE6451F59047100D4161F /* Frameworks */,
				58AAE6461F59047100D4161F /* Resources */,
			);
			buildRules = (
			);
			dependencies = (
			);
			name = MomentsGenerator;
			productName = MomentsGenerator;
			productReference = 58AAE6481F59047100D4161F /* MomentsGenerator.app */;
			productType = "com.apple.product-type.application";
		};
		58AAE6601F59047200D4161F /* MomentsGeneratorTests */ = {
			isa = PBXNativeTarget;
			buildConfigurationList = 58AAE6781F59047200D4161F /* Build configuration list for PBXNativeTarget "MomentsGeneratorTests" */;
			buildPhases = (
				58AAE65D1F59047200D4161F /* Sources */,
				58AAE65E1F59047200D4161F /* Frameworks */,
				58AAE65F1F59047200D4161F /* Resources */,
			);
			buildRules = (
			);
			dependencies = (
				58AAE6631F59047200D4161F /* PBXTargetDependency */,
			);
			name = MomentsGeneratorTests;
			productName = MomentsGeneratorTests;
			productReference = 58AAE6611F59047200D4161F /* MomentsGeneratorTests.xctest */;
			productType = "com.apple.product-type.bundle.unit-test";
		};
		58AAE66B1F59047200D4161F /* MomentsGeneratorUITests */ = {
			isa = PBXNativeTarget;
			buildConfigurationList = 58AAE67B1F59047200D4161F /* Build configuration list for PBXNativeTarget "MomentsGeneratorUITests" */;
			buildPhases = (
				58AAE6681F59047200D4161F /* Sources */,
				58AAE6691F59047200D4161F /* Frameworks */,
				58AAE66A1F59047200D4161F /* Resources */,
			);
			buildRules = (
			);
			dependencies = (
				58AAE66E1F59047200D4161F /* PBXTargetDependency */,
			);
			name = MomentsGeneratorUITests;
			productName = MomentsGeneratorUITests;
			productReference = 58AAE66C1F59047200D4161F /* MomentsGeneratorUITests.xctest */;
			productType = "com.apple.product-type.bundle.ui-testing";
		};
/* End PBXNativeTarget section */

/* Begin PBXProject section */
		58AAE6401F59047100D4161F /* Project object */ = {
			isa = PBXProject;
			attributes = {
				LastUpgradeCheck = 0830;
				ORGANIZATIONNAME = Zarky;
				TargetAttributes = {
					58AAE6471F59047100D4161F = {
						CreatedOnToolsVersion = 8.3.3;
						DevelopmentTeam = 76X28RC49S;
						ProvisioningStyle = Automatic;
					};
					58AAE6601F59047200D4161F = {
						CreatedOnToolsVersion = 8.3.3;
						DevelopmentTeam = 76X28RC49S;
						ProvisioningStyle = Automatic;
						TestTargetID = 58AAE6471F59047100D4161F;
					};
					58AAE66B1F59047200D4161F = {
						CreatedOnToolsVersion = 8.3.3;
						DevelopmentTeam = 76X28RC49S;
						ProvisioningStyle = Automatic;
						TestTargetID = 58AAE6471F59047100D4161F;
					};
				};
			};
			buildConfigurationList = 58AAE6431F59047100D4161F /* Build configuration list for PBXProject "MomentsGenerator" */;
			compatibilityVersion = "Xcode 3.2";
			developmentRegion = English;
			hasScannedForEncodings = 0;
			knownRegions = (
				en,
				Base,
			);
			mainGroup = 58AAE63F1F59047100D4161F;
			productRefGroup = 58AAE6491F59047100D4161F /* Products */;
			projectDirPath = "";
			projectRoot = "";
			targets = (
				58AAE6471F59047100D4161F /* MomentsGenerator */,
				58AAE6601F59047200D4161F /* MomentsGeneratorTests */,
				58AAE66B1F59047200D4161F /* MomentsGeneratorUITests */,
			);
		};
/* End PBXProject section */

/* Begin PBXResourcesBuildPhase section */
		58AAE6461F59047100D4161F /* Resources */ = {
			isa = PBXResourcesBuildPhase;
			buildActionMask = 2147483647;
			files = (
				58AAE7501F59490000D4161F /* Expression_91@2x.png in Resources */,
				58AAE70B1F59490000D4161F /* Expression_22@2x.png in Resources */,
				58AAE7011F59490000D4161F /* Expression_12@2x.png in Resources */,
				58AAE7431F59490000D4161F /* Expression_78@2x.png in Resources */,
				58AAE6FC1F59490000D4161F /* Expression_7@2x.png in Resources */,
				58AAE7321F59490000D4161F /* Expression_61@2x.png in Resources */,
				58AAE70C1F59490000D4161F /* Expression_23@2x.png in Resources */,
				58AAE72C1F59490000D4161F /* Expression_55@2x.png in Resources */,
				58AAE6FD1F59490000D4161F /* Expression_8@2x.png in Resources */,
				58AAE71E1F59490000D4161F /* Expression_41@2x.png in Resources */,
				58AAE7481F59490000D4161F /* Expression_83@2x.png in Resources */,
				58AAE70D1F59490000D4161F /* Expression_24@2x.png in Resources */,
				58AAE71A1F59490000D4161F /* Expression_37@2x.png in Resources */,
				58AAE7001F59490000D4161F /* Expression_11@2x.png in Resources */,
				58AAE72F1F59490000D4161F /* Expression_58@2x.png in Resources */,
				58AAE7401F59490000D4161F /* Expression_75@2x.png in Resources */,
				58AAE7251F59490000D4161F /* Expression_48@2x.png in Resources */,
				58AAE72B1F59490000D4161F /* Expression_54@2x.png in Resources */,
				58AAE77B1F594F6800D4161F /* AlbumOperateMoreViewBkg@2x.png in Resources */,
				58AAE74E1F59490000D4161F /* Expression_89@2x.png in Resources */,
				58AAE70E1F59490000D4161F /* Expression_25@2x.png in Resources */,
				58AAE6F61F59490000D4161F /* Expression_1@2x.png in Resources */,
				58AAE7841F5AC7E700D4161F /* avator.jpg in Resources */,
				58AAE7191F59490000D4161F /* Expression_36@2x.png in Resources */,
				58AAE7051F59490000D4161F /* Expression_16@2x.png in Resources */,
				58AAE7471F59490000D4161F /* Expression_82@2x.png in Resources */,
				58AAE7561F59490000D4161F /* Expression_97@2x.png in Resources */,
				58AAE7031F59490000D4161F /* Expression_14@2x.png in Resources */,
				58AAE77E1F59665E00D4161F /* IMG_5653.JPG in Resources */,
				58AAE70A1F59490000D4161F /* Expression_21@2x.png in Resources */,
				58AAE73C1F59490000D4161F /* Expression_71@2x.png in Resources */,
				58AAE74A1F59490000D4161F /* Expression_85@2x.png in Resources */,
				58AAE7641F594E4800D4161F /* like_icon@2x.png in Resources */,
				58AAE7421F59490000D4161F /* Expression_77@2x.png in Resources */,
				58AAE71C1F59490000D4161F /* Expression_39@2x.png in Resources */,
				58AAE7391F59490000D4161F /* Expression_68@2x.png in Resources */,
				58AAE7111F59490000D4161F /* Expression_28@2x.png in Resources */,
				58AAE7701F594ED600D4161F /* AlbumComment@2x.png in Resources */,
				58AAE7551F59490000D4161F /* Expression_96@2x.png in Resources */,
				58AAE7331F59490000D4161F /* Expression_62@2x.png in Resources */,
				58AAE75C1F59490000D4161F /* Expression_103@2x.png in Resources */,
				58AAE75A1F59490000D4161F /* Expression_101@2x.png in Resources */,
				58AAE7311F59490000D4161F /* Expression_60@2x.png in Resources */,
				58AAE6FF1F59490000D4161F /* Expression_10@2x.png in Resources */,
				58AAE75E1F59490000D4161F /* Expression_105@2x.png in Resources */,
				58AAE7751F594EE400D4161F /* AlbumLike@3x.png in Resources */,
				58AAE7161F59490000D4161F /* Expression_33@2x.png in Resources */,
				58AAE7541F59490000D4161F /* Expression_95@2x.png in Resources */,
				58AAE75D1F59490000D4161F /* Expression_104@2x.png in Resources */,
				58AAE6FB1F59490000D4161F /* Expression_6@2x.png in Resources */,
				58AAE7651F594E4800D4161F /* like_icon@3x.png in Resources */,
				58AAE7361F59490000D4161F /* Expression_65@2x.png in Resources */,
				58AAE7351F59490000D4161F /* Expression_64@2x.png in Resources */,
				58AAE7211F59490000D4161F /* Expression_44@2x.png in Resources */,
				58AAE74D1F59490000D4161F /* Expression_88@2x.png in Resources */,
				58AAE7181F59490000D4161F /* Expression_35@2x.png in Resources */,
				58AAE7381F59490000D4161F /* Expression_67@2x.png in Resources */,
				58AAE70F1F59490000D4161F /* Expression_26@2x.png in Resources */,
				58AAE6F71F59490000D4161F /* Expression_2@2x.png in Resources */,
				58AAE7531F59490000D4161F /* Expression_94@2x.png in Resources */,
				58AAE7171F59490000D4161F /* Expression_34@2x.png in Resources */,
				58AAE7241F59490000D4161F /* Expression_47@2x.png in Resources */,
				58AAE7371F59490000D4161F /* Expression_66@2x.png in Resources */,
				58AAE68A1F5948C400D4161F /* shareMoment@2x.png in Resources */,
				58AAE7791F594F5500D4161F /* LikeCmtBg@3x.png in Resources */,
				58AAE76D1F594E7D00D4161F /* comment_icon.png in Resources */,
				58AAE7201F59490000D4161F /* Expression_43@2x.png in Resources */,
				58AAE7711F594ED600D4161F /* AlbumComment@3x.png in Resources */,
				58AAE7571F59490000D4161F /* Expression_98@2x.png in Resources */,
				58AAE71F1F59490000D4161F /* Expression_42@2x.png in Resources */,
				58AAE7231F59490000D4161F /* Expression_46@2x.png in Resources */,
				58AAE7291F59490000D4161F /* Expression_52@2x.png in Resources */,
				58AAE74B1F59490000D4161F /* Expression_86@2x.png in Resources */,
				58AAE6891F5948C400D4161F /* back_icon@3x.png in Resources */,
				58AAE7221F59490000D4161F /* Expression_45@2x.png in Resources */,
				58AAE7781F594F5500D4161F /* LikeCmtBg@2x.png in Resources */,
				58AAE73B1F59490000D4161F /* Expression_70@2x.png in Resources */,
				58AAE7151F59490000D4161F /* Expression_32@2x.png in Resources */,
				58AAE7451F59490000D4161F /* Expression_80@2x.png in Resources */,
				58AAE76C1F594E7D00D4161F /* comment_icon@2x.png in Resources */,
				58AAE6F81F59490000D4161F /* Expression_3@2x.png in Resources */,
				58AAE72A1F59490000D4161F /* Expression_53@2x.png in Resources */,
				58AAE7101F59490000D4161F /* Expression_27@2x.png in Resources */,
				58AAE7131F59490000D4161F /* Expression_30@2x.png in Resources */,
				58AAE7261F59490000D4161F /* Expression_49@2x.png in Resources */,
				58AAE74C1F59490000D4161F /* Expression_87@2x.png in Resources */,
				58AAE6FE1F59490000D4161F /* Expression_9@2x.png in Resources */,
				58AAE7021F59490000D4161F /* Expression_13@2x.png in Resources */,
				58AAE72E1F59490000D4161F /* Expression_57@2x.png in Resources */,
				58AAE74F1F59490000D4161F /* Expression_90@2x.png in Resources */,
				58AAE7281F59490000D4161F /* Expression_51@2x.png in Resources */,
				58AAE7121F59490000D4161F /* Expression_29@2x.png in Resources */,
				58AAE7581F59490000D4161F /* Expression_99@2x.png in Resources */,
				58AAE73E1F59490000D4161F /* Expression_73@2x.png in Resources */,
				58AAE6F91F59490000D4161F /* Expression_4@2x.png in Resources */,
				58AAE7681F594E6000D4161F /* camera_icon@2x.png in Resources */,
				58AAE7511F59490000D4161F /* Expression_92@2x.png in Resources */,
				58AAE7071F59490000D4161F /* Expression_18@2x.png in Resources */,
				58AAE71B1F59490000D4161F /* Expression_38@2x.png in Resources */,
				58AAE7061F59490000D4161F /* Expression_17@2x.png in Resources */,
				58AAE7271F59490000D4161F /* Expression_50@2x.png in Resources */,
				58AAE65B1F59047200D4161F /* LaunchScreen.storyboard in Resources */,
				58AAE7341F59490000D4161F /* Expression_63@2x.png in Resources */,
				58AAE7521F59490000D4161F /* Expression_93@2x.png in Resources */,
				58AAE73D1F59490000D4161F /* Expression_72@2x.png in Resources */,
				58AAE7741F594EE400D4161F /* AlbumLike@2x.png in Resources */,
				58AAE7691F594E6000D4161F /* camera_icon@3x.png in Resources */,
				58AAE75B1F59490000D4161F /* Expression_102@2x.png in Resources */,
				58AAE73A1F59490000D4161F /* Expression_69@2x.png in Resources */,
				58AAE7041F59490000D4161F /* Expression_15@2x.png in Resources */,
				58AAE72D1F59490000D4161F /* Expression_56@2x.png in Resources */,
				58AAE7301F59490000D4161F /* Expression_59@2x.png in Resources */,
				58AAE6581F59047200D4161F /* Assets.xcassets in Resources */,
				58AAE7091F59490000D4161F /* Expression_20@2x.png in Resources */,
				58AAE71D1F59490000D4161F /* Expression_40@2x.png in Resources */,
				58AAE7141F59490000D4161F /* Expression_31@2x.png in Resources */,
				58AAE6FA1F59490000D4161F /* Expression_5@2x.png in Resources */,
				58AAE7591F59490000D4161F /* Expression_100@2x.png in Resources */,
				58AAE7491F59490000D4161F /* Expression_84@2x.png in Resources */,
				58AAE7081F59490000D4161F /* Expression_19@2x.png in Resources */,
				58AAE7461F59490000D4161F /* Expression_81@2x.png in Resources */,
				58AAE68B1F5948C400D4161F /* shareMoment@3x.png in Resources */,
				58AAE6881F5948C400D4161F /* back_icon@2x.png in Resources */,
				58AAE7411F59490000D4161F /* Expression_76@2x.png in Resources */,
				58AAE7441F59490000D4161F /* Expression_79@2x.png in Resources */,
				58AAE73F1F59490000D4161F /* Expression_74@2x.png in Resources */,
			);
			runOnlyForDeploymentPostprocessing = 0;
		};
		58AAE65F1F59047200D4161F /* Resources */ = {
			isa = PBXResourcesBuildPhase;
			buildActionMask = 2147483647;
			files = (
			);
			runOnlyForDeploymentPostprocessing = 0;
		};
		58AAE66A1F59047200D4161F /* Resources */ = {
			isa = PBXResourcesBuildPhase;
			buildActionMask = 2147483647;
			files = (
			);
			runOnlyForDeploymentPostprocessing = 0;
		};
/* End PBXResourcesBuildPhase section */

/* Begin PBXSourcesBuildPhase section */
		58AAE6441F59047100D4161F /* Sources */ = {
			isa = PBXSourcesBuildPhase;
			buildActionMask = 2147483647;
			files = (
				58AAE6501F59047200D4161F /* AppDelegate.m in Sources */,
				58AAE64D1F59047100D4161F /* main.m in Sources */,
				58AAE7611F594A0700D4161F /* ZZRootNaviViewController.m in Sources */,
				58AAE6801F59056B00D4161F /* ZZMainViewController.m in Sources */,
				58AAE7821F5ABD6700D4161F /* ZZTableHeaderView.m in Sources */,
			);
			runOnlyForDeploymentPostprocessing = 0;
		};
		58AAE65D1F59047200D4161F /* Sources */ = {
			isa = PBXSourcesBuildPhase;
			buildActionMask = 2147483647;
			files = (
				58AAE6661F59047200D4161F /* MomentsGeneratorTests.m in Sources */,
			);
			runOnlyForDeploymentPostprocessing = 0;
		};
		58AAE6681F59047200D4161F /* Sources */ = {
			isa = PBXSourcesBuildPhase;
			buildActionMask = 2147483647;
			files = (
				58AAE6711F59047200D4161F /* MomentsGeneratorUITests.m in Sources */,
			);
			runOnlyForDeploymentPostprocessing = 0;
		};
/* End PBXSourcesBuildPhase section */

/* Begin PBXTargetDependency section */
		58AAE6631F59047200D4161F /* PBXTargetDependency */ = {
			isa = PBXTargetDependency;
			target = 58AAE6471F59047100D4161F /* MomentsGenerator */;
			targetProxy = 58AAE6621F59047200D4161F /* PBXContainerItemProxy */;
		};
		58AAE66E1F59047200D4161F /* PBXTargetDependency */ = {
			isa = PBXTargetDependency;
			target = 58AAE6471F59047100D4161F /* MomentsGenerator */;
			targetProxy = 58AAE66D1F59047200D4161F /* PBXContainerItemProxy */;
		};
/* End PBXTargetDependency section */

/* Begin PBXVariantGroup section */
		58AAE6591F59047200D4161F /* LaunchScreen.storyboard */ = {
			isa = PBXVariantGroup;
			children = (
				58AAE65A1F59047200D4161F /* Base */,
			);
			name = LaunchScreen.storyboard;
			sourceTree = "<group>";
		};
/* End PBXVariantGroup section */

/* Begin XCBuildConfiguration section */
		58AAE6731F59047200D4161F /* Debug */ = {
			isa = XCBuildConfiguration;
			buildSettings = {
				ALWAYS_SEARCH_USER_PATHS = NO;
				CLANG_ANALYZER_NONNULL = YES;
				CLANG_ANALYZER_NUMBER_OBJECT_CONVERSION = YES_AGGRESSIVE;
				CLANG_CXX_LANGUAGE_STANDARD = "gnu++0x";
				CLANG_CXX_LIBRARY = "libc++";
				CLANG_ENABLE_MODULES = YES;
				CLANG_ENABLE_OBJC_ARC = YES;
				CLANG_WARN_BOOL_CONVERSION = YES;
				CLANG_WARN_CONSTANT_CONVERSION = YES;
				CLANG_WARN_DIRECT_OBJC_ISA_USAGE = YES_ERROR;
				CLANG_WARN_DOCUMENTATION_COMMENTS = YES;
				CLANG_WARN_EMPTY_BODY = YES;
				CLANG_WARN_ENUM_CONVERSION = YES;
				CLANG_WARN_INFINITE_RECURSION = YES;
				CLANG_WARN_INT_CONVERSION = YES;
				CLANG_WARN_OBJC_ROOT_CLASS = YES_ERROR;
				CLANG_WARN_SUSPICIOUS_MOVE = YES;
				CLANG_WARN_UNREACHABLE_CODE = YES;
				CLANG_WARN__DUPLICATE_METHOD_MATCH = YES;
				"CODE_SIGN_IDENTITY[sdk=iphoneos*]" = "iPhone Developer";
				COPY_PHASE_STRIP = NO;
				DEBUG_INFORMATION_FORMAT = dwarf;
				ENABLE_STRICT_OBJC_MSGSEND = YES;
				ENABLE_TESTABILITY = YES;
				GCC_C_LANGUAGE_STANDARD = gnu99;
				GCC_DYNAMIC_NO_PIC = NO;
				GCC_NO_COMMON_BLOCKS = YES;
				GCC_OPTIMIZATION_LEVEL = 0;
				GCC_PREPROCESSOR_DEFINITIONS = (
					"DEBUG=1",
					"$(inherited)",
				);
				GCC_WARN_64_TO_32_BIT_CONVERSION = YES;
				GCC_WARN_ABOUT_RETURN_TYPE = YES_ERROR;
				GCC_WARN_UNDECLARED_SELECTOR = YES;
				GCC_WARN_UNINITIALIZED_AUTOS = YES_AGGRESSIVE;
				GCC_WARN_UNUSED_FUNCTION = YES;
				GCC_WARN_UNUSED_VARIABLE = YES;
				IPHONEOS_DEPLOYMENT_TARGET = 10.3;
				MTL_ENABLE_DEBUG_INFO = YES;
				ONLY_ACTIVE_ARCH = YES;
				SDKROOT = iphoneos;
			};
			name = Debug;
		};
		58AAE6741F59047200D4161F /* Release */ = {
			isa = XCBuildConfiguration;
			buildSettings = {
				ALWAYS_SEARCH_USER_PATHS = NO;
				CLANG_ANALYZER_NONNULL = YES;
				CLANG_ANALYZER_NUMBER_OBJECT_CONVERSION = YES_AGGRESSIVE;
				CLANG_CXX_LANGUAGE_STANDARD = "gnu++0x";
				CLANG_CXX_LIBRARY = "libc++";
				CLANG_ENABLE_MODULES = YES;
				CLANG_ENABLE_OBJC_ARC = YES;
				CLANG_WARN_BOOL_CONVERSION = YES;
				CLANG_WARN_CONSTANT_CONVERSION = YES;
				CLANG_WARN_DIRECT_OBJC_ISA_USAGE = YES_ERROR;
				CLANG_WARN_DOCUMENTATION_COMMENTS = YES;
				CLANG_WARN_EMPTY_BODY = YES;
				CLANG_WARN_ENUM_CONVERSION = YES;
				CLANG_WARN_INFINITE_RECURSION = YES;
				CLANG_WARN_INT_CONVERSION = YES;
				CLANG_WARN_OBJC_ROOT_CLASS = YES_ERROR;
				CLANG_WARN_SUSPICIOUS_MOVE = YES;
				CLANG_WARN_UNREACHABLE_CODE = YES;
				CLANG_WARN__DUPLICATE_METHOD_MATCH = YES;
				"CODE_SIGN_IDENTITY[sdk=iphoneos*]" = "iPhone Developer";
				COPY_PHASE_STRIP = NO;
				DEBUG_INFORMATION_FORMAT = "dwarf-with-dsym";
				ENABLE_NS_ASSERTIONS = NO;
				ENABLE_STRICT_OBJC_MSGSEND = YES;
				GCC_C_LANGUAGE_STANDARD = gnu99;
				GCC_NO_COMMON_BLOCKS = YES;
				GCC_WARN_64_TO_32_BIT_CONVERSION = YES;
				GCC_WARN_ABOUT_RETURN_TYPE = YES_ERROR;
				GCC_WARN_UNDECLARED_SELECTOR = YES;
				GCC_WARN_UNINITIALIZED_AUTOS = YES_AGGRESSIVE;
				GCC_WARN_UNUSED_FUNCTION = YES;
				GCC_WARN_UNUSED_VARIABLE = YES;
				IPHONEOS_DEPLOYMENT_TARGET = 10.3;
				MTL_ENABLE_DEBUG_INFO = NO;
				SDKROOT = iphoneos;
				VALIDATE_PRODUCT = YES;
			};
			name = Release;
		};
		58AAE6761F59047200D4161F /* Debug */ = {
			isa = XCBuildConfiguration;
			buildSettings = {
				ASSETCATALOG_COMPILER_APPICON_NAME = AppIcon;
				DEVELOPMENT_TEAM = 76X28RC49S;
				INFOPLIST_FILE = MomentsGenerator/Info.plist;
				LD_RUNPATH_SEARCH_PATHS = "$(inherited) @executable_path/Frameworks";
				PRODUCT_BUNDLE_IDENTIFIER = com.zarky.MomentsGenerator;
				PRODUCT_NAME = "$(TARGET_NAME)";
			};
			name = Debug;
		};
		58AAE6771F59047200D4161F /* Release */ = {
			isa = XCBuildConfiguration;
			buildSettings = {
				ASSETCATALOG_COMPILER_APPICON_NAME = AppIcon;
				DEVELOPMENT_TEAM = 76X28RC49S;
				INFOPLIST_FILE = MomentsGenerator/Info.plist;
				LD_RUNPATH_SEARCH_PATHS = "$(inherited) @executable_path/Frameworks";
				PRODUCT_BUNDLE_IDENTIFIER = com.zarky.MomentsGenerator;
				PRODUCT_NAME = "$(TARGET_NAME)";
			};
			name = Release;
		};
		58AAE6791F59047200D4161F /* Debug */ = {
			isa = XCBuildConfiguration;
			buildSettings = {
				BUNDLE_LOADER = "$(TEST_HOST)";
				DEVELOPMENT_TEAM = 76X28RC49S;
				INFOPLIST_FILE = MomentsGeneratorTests/Info.plist;
				LD_RUNPATH_SEARCH_PATHS = "$(inherited) @executable_path/Frameworks @loader_path/Frameworks";
				PRODUCT_BUNDLE_IDENTIFIER = com.zarky.MomentsGeneratorTests;
				PRODUCT_NAME = "$(TARGET_NAME)";
				TEST_HOST = "$(BUILT_PRODUCTS_DIR)/MomentsGenerator.app/MomentsGenerator";
			};
			name = Debug;
		};
		58AAE67A1F59047200D4161F /* Release */ = {
			isa = XCBuildConfiguration;
			buildSettings = {
				BUNDLE_LOADER = "$(TEST_HOST)";
				DEVELOPMENT_TEAM = 76X28RC49S;
				INFOPLIST_FILE = MomentsGeneratorTests/Info.plist;
				LD_RUNPATH_SEARCH_PATHS = "$(inherited) @executable_path/Frameworks @loader_path/Frameworks";
				PRODUCT_BUNDLE_IDENTIFIER = com.zarky.MomentsGeneratorTests;
				PRODUCT_NAME = "$(TARGET_NAME)";
				TEST_HOST = "$(BUILT_PRODUCTS_DIR)/MomentsGenerator.app/MomentsGenerator";
			};
			name = Release;
		};
		58AAE67C1F59047200D4161F /* Debug */ = {
			isa = XCBuildConfiguration;
			buildSettings = {
				DEVELOPMENT_TEAM = 76X28RC49S;
				INFOPLIST_FILE = MomentsGeneratorUITests/Info.plist;
				LD_RUNPATH_SEARCH_PATHS = "$(inherited) @executable_path/Frameworks @loader_path/Frameworks";
				PRODUCT_BUNDLE_IDENTIFIER = com.zarky.MomentsGeneratorUITests;
				PRODUCT_NAME = "$(TARGET_NAME)";
				TEST_TARGET_NAME = MomentsGenerator;
			};
			name = Debug;
		};
		58AAE67D1F59047200D4161F /* Release */ = {
			isa = XCBuildConfiguration;
			buildSettings = {
				DEVELOPMENT_TEAM = 76X28RC49S;
				INFOPLIST_FILE = MomentsGeneratorUITests/Info.plist;
				LD_RUNPATH_SEARCH_PATHS = "$(inherited) @executable_path/Frameworks @loader_path/Frameworks";
				PRODUCT_BUNDLE_IDENTIFIER = com.zarky.MomentsGeneratorUITests;
				PRODUCT_NAME = "$(TARGET_NAME)";
				TEST_TARGET_NAME = MomentsGenerator;
			};
			name = Release;
		};
/* End XCBuildConfiguration section */

/* Begin XCConfigurationList section */
		58AAE6431F59047100D4161F /* Build configuration list for PBXProject "MomentsGenerator" */ = {
			isa = XCConfigurationList;
			buildConfigurations = (
				58AAE6731F59047200D4161F /* Debug */,
				58AAE6741F59047200D4161F /* Release */,
			);
			defaultConfigurationIsVisible = 0;
			defaultConfigurationName = Release;
		};
		58AAE6751F59047200D4161F /* Build configuration list for PBXNativeTarget "MomentsGenerator" */ = {
			isa = XCConfigurationList;
			buildConfigurations = (
				58AAE6761F59047200D4161F /* Debug */,
				58AAE6771F59047200D4161F /* Release */,
			);
			defaultConfigurationIsVisible = 0;
		};
		58AAE6781F59047200D4161F /* Build configuration list for PBXNativeTarget "MomentsGeneratorTests" */ = {
			isa = XCConfigurationList;
			buildConfigurations = (
				58AAE6791F59047200D4161F /* Debug */,
				58AAE67A1F59047200D4161F /* Release */,
			);
			defaultConfigurationIsVisible = 0;
		};
		58AAE67B1F59047200D4161F /* Build configuration list for PBXNativeTarget "MomentsGeneratorUITests" */ = {
			isa = XCConfigurationList;
			buildConfigurations = (
				58AAE67C1F59047200D4161F /* Debug */,
				58AAE67D1F59047200D4161F /* Release */,
			);
			defaultConfigurationIsVisible = 0;
		};
/* End XCConfigurationList section */
	};
	rootObject = 58AAE6401F59047100D4161F /* Project object */;
}
